mellium.im/reader v0.0.3 h1:txmWzeFVR/3eb4qOsraM72EHBCzP946wq9ZnWuH1ReY=
mellium.im/reader v0.0.3/go.mod h1:rtqlYmkQriWPf1vKtmH0iIellTSRU/1JUFV8MVS6vek=
mellium.im/reader v0.0.4 h1:6nhK1YuHmn60bmLdRol3BQdiLGtta4RJ8dCbSmmhmDI=
mellium.im/reader v0.0.4/go.mod h1:rtqlYmkQriWPf1vKtmH0iIellTSRU/1JUFV8MVS6vek=
